
Microsoft Visual Studio Solution File, Format Version 12.00
# Visual Studio 15
VisualStudioVersion = 15.0.28307.1082
MinimumVisualStudioVersion = 10.0.40219.1
Project("{FAE04EC0-301F-11D3-BF4B-00C04F79EFBC}") = "Trader", "Trader\Trader.csproj", "{4AC5996B-808D-4E62-95F3-BF0FCC923152}"
EndProject
Global
	GlobalSection(SolutionConfigurationPlatforms) = preSolution
		Debug|Any CPU = Debug|Any CPU
		Release|Any CPU = Release|Any CPU
	EndGlobalSection
	GlobalSection(ProjectConfigurationPlatforms) = postSolution
		{4AC5996B-808D-4E62-95F3-BF0FCC923152}.Debug|Any CPU.ActiveCfg = Debug|Any CPU
		{4AC5996B-808D-4E62-95F3-BF0FCC923152}.Debug|Any CPU.Build.0 = Debug|Any CPU
		{4AC5996B-808D-4E62-95F3-BF0FCC923152}.Release|Any CPU.ActiveCfg = Release|Any CPU
		{4AC5996B-808D-4E62-95F3-BF0FCC923152}.Release|Any CPU.Build.0 = Release|Any CPU
	EndGlobalSection
	GlobalSection(SolutionProperties) = preSolution
		HideSolutionNode = FALSE
	EndGlobalSection
	GlobalSection(ExtensibilityGlobals) = postSolution
		SolutionGuid = {617B9B88-AB1E-43DF-BBD3-2D77457C64BE}
	EndGlobalSection
EndGlobal
